
Microsoft Visual Studio Solution File, Format Version 12.00
# Visual Studio Version 16
VisualStudioVersion = 16.0.31321.278
MinimumVisualStudioVersion = 10.0.40219.1
Project("{FAE04EC0-301F-11D3-BF4B-00C04F79EFBC}") = "Proj_Dobri", "Proj_Dobri.csproj", "{02244D43-F7A5-4E4E-B178-0ACF0AB1FCBD}"
EndProject
Global
	GlobalSection(SolutionConfigurationPlatforms) = preSolution
		Debug|Any CPU = Debug|Any CPU
		Release|Any CPU = Release|Any CPU
	EndGlobalSection
	GlobalSection(ProjectConfigurationPlatforms) = postSolution
		{02244D43-F7A5-4E4E-B178-0ACF0AB1FCBD}.Debug|Any CPU.ActiveCfg = Debug|Any CPU
		{02244D43-F7A5-4E4E-B178-0ACF0AB1FCBD}.Debug|Any CPU.Build.0 = Debug|Any CPU
		{02244D43-F7A5-4E4E-B178-0ACF0AB1FCBD}.Release|Any CPU.ActiveCfg = Release|Any CPU
		{02244D43-F7A5-4E4E-B178-0ACF0AB1FCBD}.Release|Any CPU.Build.0 = Release|Any CPU
	EndGlobalSection
	GlobalSection(SolutionProperties) = preSolution
		HideSolutionNode = FALSE
	EndGlobalSection
	GlobalSection(ExtensibilityGlobals) = postSolution
		SolutionGuid = {9A22ECF0-F725-4B8C-9F5D-1BA22FE2D339}
	EndGlobalSection
EndGlobal
